<Solution>
  <Folder Name="/Solution Items/">
    <File Path=".editorconfig" />
  </Folder>
  <Project Path="Nexus.AppHost/Nexus.AppHost.csproj" />
  <Project Path="Nexus.Identity.API/Nexus.Identity.API.csproj" />
  <Project Path="Nexus.Notification.API/Nexus.Notification.API.csproj" />
  <Project Path="Nexus.ServiceDefaults/Nexus.ServiceDefaults.csproj" />
  <Project Path="Nexus.Shared/Nexus.Shared.csproj" />
  <Project Path="Nexus.Video.API/Nexus.Video.API.csproj" />
</Solution>
